
Microsoft Visual Studio Solution File, Format Version 12.00
# Visual Studio Version 16
VisualStudioVersion = 16.0.34031.81
MinimumVisualStudioVersion = 10.0.40219.1
Project("{FAE04EC0-301F-11D3-BF4B-00C04F79EFBC}") = "DuAnDauTien", "DuAnDauTien\DuAnDauTien.csproj", "{CF14DC3D-515C-43AF-B932-AE23B5BD6C12}"
EndProject
Global
	GlobalSection(SolutionConfigurationPlatforms) = preSolution
		Debug|Any CPU = Debug|Any CPU
		Release|Any CPU = Release|Any CPU
	EndGlobalSection
	GlobalSection(ProjectConfigurationPlatforms) = postSolution
		{CF14DC3D-515C-43AF-B932-AE23B5BD6C12}.Debug|Any CPU.ActiveCfg = Debug|Any CPU
		{CF14DC3D-515C-43AF-B932-AE23B5BD6C12}.Debug|Any CPU.Build.0 = Debug|Any CPU
		{CF14DC3D-515C-43AF-B932-AE23B5BD6C12}.Release|Any CPU.ActiveCfg = Release|Any CPU
		{CF14DC3D-515C-43AF-B932-AE23B5BD6C12}.Release|Any CPU.Build.0 = Release|Any CPU
	EndGlobalSection
	GlobalSection(SolutionProperties) = preSolution
		HideSolutionNode = FALSE
	EndGlobalSection
	GlobalSection(ExtensibilityGlobals) = postSolution
		SolutionGuid = {6829458D-B96D-4CF5-8AFB-305305E599CA}
	EndGlobalSection
EndGlobal
